// !$*UTF8*$!
{
	archiveVersion = 1;
	classes = {
	};
	objectVersion = 56;
	objects = {

/* Begin PBXBuildFile section */
		8E5D30B22A8FA09B00701A58 /* CombinedRouletteView.swift in Sources */ = {isa = PBXBuildFile; fileRef = 8E5D30B12A8FA09B00701A58 /* CombinedRouletteView.swift */; };
		8E5D30BE2A90B20D00701A58 /* AppUser.swift in Sources */ = {isa = PBXBuildFile; fileRef = 8E5D30BD2A90B20D00701A58 /* AppUser.swift */; };
		8E5D30C22A90CA2D00701A58 /* AuthView.swift in Sources */ = {isa = PBXBuildFile; fileRef = 8E5D30C12A90CA2D00701A58 /* AuthView.swift */; };
		8E5D30C42A90CC9C00701A58 /* AuthViewModel.swift in Sources */ = {isa = PBXBuildFile; fileRef = 8E5D30C32A90CC9C00701A58 /* AuthViewModel.swift */; };
		8E69380A2A9257C100CE7972 /* MainNavigationView.swift in Sources */ = {isa = PBXBuildFile; fileRef = 8E6938092A9257C000CE7972 /* MainNavigationView.swift */; };
		8E69380D2A92627D00CE7972 /* NavigationObject.swift in Sources */ = {isa = PBXBuildFile; fileRef = 8E69380C2A92627C00CE7972 /* NavigationObject.swift */; };
		8E6CFA1D2A8F5B3800DE93A0 /* RouletteTableView.swift in Sources */ = {isa = PBXBuildFile; fileRef = 8E6CFA1C2A8F5B3800DE93A0 /* RouletteTableView.swift */; };
		8E7E64D12A8F5FB9001DE0FC /* RouletteViewModel.swift in Sources */ = {isa = PBXBuildFile; fileRef = 8E7E64D02A8F5FB9001DE0FC /* RouletteViewModel.swift */; };
		8E8274FD2A9968760034E78A /* ChatGPTService.swift in Sources */ = {isa = PBXBuildFile; fileRef = 8E8274FC2A9968760034E78A /* ChatGPTService.swift */; };
		8E898F852A910A16007D4B5A /* SettingsView.swift in Sources */ = {isa = PBXBuildFile; fileRef = 8E898F842A910A16007D4B5A /* SettingsView.swift */; };
		8E898F872A910CB9007D4B5A /* SettingsViewModel.swift in Sources */ = {isa = PBXBuildFile; fileRef = 8E898F862A910CB9007D4B5A /* SettingsViewModel.swift */; };
		8EB19BE22A8E251700422FAE /* test_rouletteApp.swift in Sources */ = {isa = PBXBuildFile; fileRef = 8EB19BE12A8E251700422FAE /* test_rouletteApp.swift */; };
		8EB19BE42A8E251700422FAE /* RouletteWheelView.swift in Sources */ = {isa = PBXBuildFile; fileRef = 8EB19BE32A8E251700422FAE /* RouletteWheelView.swift */; };
		8EB19BE62A8E251D00422FAE /* Assets.xcassets in Resources */ = {isa = PBXBuildFile; fileRef = 8EB19BE52A8E251D00422FAE /* Assets.xcassets */; };
		8EB19BE92A8E251D00422FAE /* Preview Assets.xcassets in Resources */ = {isa = PBXBuildFile; fileRef = 8EB19BE82A8E251D00422FAE /* Preview Assets.xcassets */; };
		8ECA2D4B2A9329D800910857 /* BetView.swift in Sources */ = {isa = PBXBuildFile; fileRef = 8ECA2D4A2A9329D800910857 /* BetView.swift */; };
		8ECA2D4D2A933D4900910857 /* BetViewModel.swift in Sources */ = {isa = PBXBuildFile; fileRef = 8ECA2D4C2A933D4900910857 /* BetViewModel.swift */; };
		8EE409C92A9A3C9100DAF8DA /* FirebaseAuth in Frameworks */ = {isa = PBXBuildFile; productRef = 8EE409C82A9A3C9100DAF8DA /* FirebaseAuth */; };
		8EE409CB2A9A3C9100DAF8DA /* FirebaseAuthCombine-Community in Frameworks */ = {isa = PBXBuildFile; productRef = 8EE409CA2A9A3C9100DAF8DA /* FirebaseAuthCombine-Community */; };
		8EE409CD2A9A3C9100DAF8DA /* FirebaseDatabase in Frameworks */ = {isa = PBXBuildFile; productRef = 8EE409CC2A9A3C9100DAF8DA /* FirebaseDatabase */; };
		8EE409CF2A9A3C9100DAF8DA /* FirebaseDatabaseSwift in Frameworks */ = {isa = PBXBuildFile; productRef = 8EE409CE2A9A3C9100DAF8DA /* FirebaseDatabaseSwift */; };
		8EE409D12A9A3C9100DAF8DA /* FirebaseFirestore in Frameworks */ = {isa = PBXBuildFile; productRef = 8EE409D02A9A3C9100DAF8DA /* FirebaseFirestore */; };
		8EE409D32A9A3C9100DAF8DA /* FirebaseFirestoreSwift in Frameworks */ = {isa = PBXBuildFile; productRef = 8EE409D22A9A3C9100DAF8DA /* FirebaseFirestoreSwift */; };
		8EE409D52A9CA1F800DAF8DA /* GoogleService-Info.plist in Resources */ = {isa = PBXBuildFile; fileRef = 8EE409D42A9CA1F800DAF8DA /* GoogleService-Info.plist */; };
		8EE409DB2A9CA48600DAF8DA /* test-roulette-Info.plist in Resources */ = {isa = PBXBuildFile; fileRef = 8EE409DA2A9CA48600DAF8DA /* test-roulette-Info.plist */; };
/* End PBXBuildFile section */

/* Begin PBXFileReference section */
		8E5D30B12A8FA09B00701A58 /* CombinedRouletteView.swift */ = {isa = PBXFileReference; lastKnownFileType = sourcecode.swift; path = CombinedRouletteView.swift; sourceTree = "<group>"; };
		8E5D30BD2A90B20D00701A58 /* AppUser.swift */ = {isa = PBXFileReference; lastKnownFileType = sourcecode.swift; path = AppUser.swift; sourceTree = "<group>"; };
		8E5D30C12A90CA2D00701A58 /* AuthView.swift */ = {isa = PBXFileReference; lastKnownFileType = sourcecode.swift; path = AuthView.swift; sourceTree = "<group>"; };
		8E5D30C32A90CC9C00701A58 /* AuthViewModel.swift */ = {isa = PBXFileReference; lastKnownFileType = sourcecode.swift; path = AuthViewModel.swift; sourceTree = "<group>"; };
		8E6938092A9257C000CE7972 /* MainNavigationView.swift */ = {isa = PBXFileReference; lastKnownFileType = sourcecode.swift; path = MainNavigationView.swift; sourceTree = "<group>"; };
		8E69380C2A92627C00CE7972 /* NavigationObject.swift */ = {isa = PBXFileReference; lastKnownFileType = sourcecode.swift; path = NavigationObject.swift; sourceTree = "<group>"; };
		8E6CFA1C2A8F5B3800DE93A0 /* RouletteTableView.swift */ = {isa = PBXFileReference; lastKnownFileType = sourcecode.swift; path = RouletteTableView.swift; sourceTree = "<group>"; };
		8E7E64D02A8F5FB9001DE0FC /* RouletteViewModel.swift */ = {isa = PBXFileReference; lastKnownFileType = sourcecode.swift; path = RouletteViewModel.swift; sourceTree = "<group>"; };
		8E8274FC2A9968760034E78A /* ChatGPTService.swift */ = {isa = PBXFileReference; lastKnownFileType = sourcecode.swift; path = ChatGPTService.swift; sourceTree = "<group>"; };
		8E898F842A910A16007D4B5A /* SettingsView.swift */ = {isa = PBXFileReference; lastKnownFileType = sourcecode.swift; path = SettingsView.swift; sourceTree = "<group>"; };
		8E898F862A910CB9007D4B5A /* SettingsViewModel.swift */ = {isa = PBXFileReference; lastKnownFileType = sourcecode.swift; path = SettingsViewModel.swift; sourceTree = "<group>"; };
		8EB19BDE2A8E251700422FAE /* test_roulette.app */ = {isa = PBXFileReference; explicitFileType = wrapper.application; includeInIndex = 0; path = test_roulette.app; sourceTree = BUILT_PRODUCTS_DIR; };
		8EB19BE12A8E251700422FAE /* test_rouletteApp.swift */ = {isa = PBXFileReference; lastKnownFileType = sourcecode.swift; path = test_rouletteApp.swift; sourceTree = "<group>"; };
		8EB19BE32A8E251700422FAE /* RouletteWheelView.swift */ = {isa = PBXFileReference; lastKnownFileType = sourcecode.swift; path = RouletteWheelView.swift; sourceTree = "<group>"; };
		8EB19BE52A8E251D00422FAE /* Assets.xcassets */ = {isa = PBXFileReference; lastKnownFileType = folder.assetcatalog; path = Assets.xcassets; sourceTree = "<group>"; };
		8EB19BE82A8E251D00422FAE /* Preview Assets.xcassets */ = {isa = PBXFileReference; lastKnownFileType = folder.assetcatalog; path = "Preview Assets.xcassets"; sourceTree = "<group>"; };
		8ECA2D4A2A9329D800910857 /* BetView.swift */ = {isa = PBXFileReference; lastKnownFileType = sourcecode.swift; path = BetView.swift; sourceTree = "<group>"; };
		8ECA2D4C2A933D4900910857 /* BetViewModel.swift */ = {isa = PBXFileReference; lastKnownFileType = sourcecode.swift; path = BetViewModel.swift; sourceTree = "<group>"; };
		8EE409D42A9CA1F800DAF8DA /* GoogleService-Info.plist */ = {isa = PBXFileReference; fileEncoding = 4; lastKnownFileType = text.plist.xml; path = "GoogleService-Info.plist"; sourceTree = "<group>"; };
		8EE409DA2A9CA48600DAF8DA /* test-roulette-Info.plist */ = {isa = PBXFileReference; fileEncoding = 4; lastKnownFileType = text.plist.xml; path = "test-roulette-Info.plist"; sourceTree = "<group>"; };
/* End PBXFileReference section */

/* Begin PBXFrameworksBuildPhase section */
		8EB19BDB2A8E251700422FAE /* Frameworks */ = {
			isa = PBXFrameworksBuildPhase;
			buildActionMask = 2147483647;
			files = (
				8EE409CF2A9A3C9100DAF8DA /* FirebaseDatabaseSwift in Frameworks */,
				8EE409CD2A9A3C9100DAF8DA /* FirebaseDatabase in Frameworks */,
				8EE409C92A9A3C9100DAF8DA /* FirebaseAuth in Frameworks */,
				8EE409D12A9A3C9100DAF8DA /* FirebaseFirestore in Frameworks */,
				8EE409CB2A9A3C9100DAF8DA /* FirebaseAuthCombine-Community in Frameworks */,
				8EE409D32A9A3C9100DAF8DA /* FirebaseFirestoreSwift in Frameworks */,
			);
			runOnlyForDeploymentPostprocessing = 0;
		};
/* End PBXFrameworksBuildPhase section */

/* Begin PBXGroup section */
		8E5D30B92A8FC8CA00701A58 /* Views */ = {
			isa = PBXGroup;
			children = (
				8E5D30BC2A90B0F800701A58 /* Roulette */,
				8E5D30C12A90CA2D00701A58 /* AuthView.swift */,
				8ECA2D4A2A9329D800910857 /* BetView.swift */,
				8E898F842A910A16007D4B5A /* SettingsView.swift */,
				8E6938092A9257C000CE7972 /* MainNavigationView.swift */,
			);
			path = Views;
			sourceTree = "<group>";
		};
		8E5D30BA2A8FC8E100701A58 /* ViewModels */ = {
			isa = PBXGroup;
			children = (
				8E7E64D02A8F5FB9001DE0FC /* RouletteViewModel.swift */,
				8E5D30C32A90CC9C00701A58 /* AuthViewModel.swift */,
				8E898F862A910CB9007D4B5A /* SettingsViewModel.swift */,
				8ECA2D4C2A933D4900910857 /* BetViewModel.swift */,
			);
			path = ViewModels;
			sourceTree = "<group>";
		};
		8E5D30BB2A8FC8EF00701A58 /* Managers */ = {
			isa = PBXGroup;
			children = (
				8E69380C2A92627C00CE7972 /* NavigationObject.swift */,
				8E8274FC2A9968760034E78A /* ChatGPTService.swift */,
			);
			path = Managers;
			sourceTree = "<group>";
		};
		8E5D30BC2A90B0F800701A58 /* Roulette */ = {
			isa = PBXGroup;
			children = (
				8E5D30B12A8FA09B00701A58 /* CombinedRouletteView.swift */,
				8EB19BE32A8E251700422FAE /* RouletteWheelView.swift */,
				8E6CFA1C2A8F5B3800DE93A0 /* RouletteTableView.swift */,
			);
			path = Roulette;
			sourceTree = "<group>";
		};
		8E5D30C52A90CDBB00701A58 /* Models */ = {
			isa = PBXGroup;
			children = (
				8E5D30BD2A90B20D00701A58 /* AppUser.swift */,
			);
			path = Models;
			sourceTree = "<group>";
		};
		8EB19BD52A8E251700422FAE = {
			isa = PBXGroup;
			children = (
				8EE409D42A9CA1F800DAF8DA /* GoogleService-Info.plist */,
				8EE409DA2A9CA48600DAF8DA /* test-roulette-Info.plist */,
				8EB19BE02A8E251700422FAE /* test_roulette */,
				8EB19BDF2A8E251700422FAE /* Products */,
			);
			sourceTree = "<group>";
		};
		8EB19BDF2A8E251700422FAE /* Products */ = {
			isa = PBXGroup;
			children = (
				8EB19BDE2A8E251700422FAE /* test_roulette.app */,
			);
			name = Products;
			sourceTree = "<group>";
		};
		8EB19BE02A8E251700422FAE /* test_roulette */ = {
			isa = PBXGroup;
			children = (
				8EB19BE12A8E251700422FAE /* test_rouletteApp.swift */,
				8E5D30C52A90CDBB00701A58 /* Models */,
				8E5D30BA2A8FC8E100701A58 /* ViewModels */,
				8E5D30B92A8FC8CA00701A58 /* Views */,
				8E5D30BB2A8FC8EF00701A58 /* Managers */,
				8EB19BE52A8E251D00422FAE /* Assets.xcassets */,
				8EB19BE72A8E251D00422FAE /* Preview Content */,
			);
			path = test_roulette;
			sourceTree = "<group>";
		};
		8EB19BE72A8E251D00422FAE /* Preview Content */ = {
			isa = PBXGroup;
			children = (
				8EB19BE82A8E251D00422FAE /* Preview Assets.xcassets */,
			);
			path = "Preview Content";
			sourceTree = "<group>";
		};
/* End PBXGroup section */

/* Begin PBXNativeTarget section */
		8EB19BDD2A8E251700422FAE /* test_roulette */ = {
			isa = PBXNativeTarget;
			buildConfigurationList = 8EB19BEC2A8E251D00422FAE /* Build configuration list for PBXNativeTarget "test_roulette" */;
			buildPhases = (
				8EB19BDA2A8E251700422FAE /* Sources */,
				8EB19BDB2A8E251700422FAE /* Frameworks */,
				8EB19BDC2A8E251700422FAE /* Resources */,
			);
			buildRules = (
			);
			dependencies = (
			);
			name = test_roulette;
			packageProductDependencies = (
				8EE409C82A9A3C9100DAF8DA /* FirebaseAuth */,
				8EE409CA2A9A3C9100DAF8DA /* FirebaseAuthCombine-Community */,
				8EE409CC2A9A3C9100DAF8DA /* FirebaseDatabase */,
				8EE409CE2A9A3C9100DAF8DA /* FirebaseDatabaseSwift */,
				8EE409D02A9A3C9100DAF8DA /* FirebaseFirestore */,
				8EE409D22A9A3C9100DAF8DA /* FirebaseFirestoreSwift */,
			);
			productName = test_roulette;
			productReference = 8EB19BDE2A8E251700422FAE /* test_roulette.app */;
			productType = "com.apple.product-type.application";
		};
/* End PBXNativeTarget section */

/* Begin PBXProject section */
		8EB19BD62A8E251700422FAE /* Project object */ = {
			isa = PBXProject;
			attributes = {
				BuildIndependentTargetsInParallel = 1;
				LastSwiftUpdateCheck = 1430;
				LastUpgradeCheck = 1430;
				TargetAttributes = {
					8EB19BDD2A8E251700422FAE = {
						CreatedOnToolsVersion = 14.3.1;
					};
				};
			};
			buildConfigurationList = 8EB19BD92A8E251700422FAE /* Build configuration list for PBXProject "test_roulette" */;
			compatibilityVersion = "Xcode 14.0";
			developmentRegion = en;
			hasScannedForEncodings = 0;
			knownRegions = (
				en,
				Base,
			);
			mainGroup = 8EB19BD52A8E251700422FAE;
			packageReferences = (
				8EE409C72A9A3C9100DAF8DA /* XCRemoteSwiftPackageReference "firebase-ios-sdk" */,
			);
			productRefGroup = 8EB19BDF2A8E251700422FAE /* Products */;
			projectDirPath = "";
			projectRoot = "";
			targets = (
				8EB19BDD2A8E251700422FAE /* test_roulette */,
			);
		};
/* End PBXProject section */

/* Begin PBXResourcesBuildPhase section */
		8EB19BDC2A8E251700422FAE /* Resources */ = {
			isa = PBXResourcesBuildPhase;
			buildActionMask = 2147483647;
			files = (
				8EE409DB2A9CA48600DAF8DA /* test-roulette-Info.plist in Resources */,
				8EB19BE92A8E251D00422FAE /* Preview Assets.xcassets in Resources */,
				8EB19BE62A8E251D00422FAE /* Assets.xcassets in Resources */,
				8EE409D52A9CA1F800DAF8DA /* GoogleService-Info.plist in Resources */,
			);
			runOnlyForDeploymentPostprocessing = 0;
		};
/* End PBXResourcesBuildPhase section */

/* Begin PBXSourcesBuildPhase section */
		8EB19BDA2A8E251700422FAE /* Sources */ = {
			isa = PBXSourcesBuildPhase;
			buildActionMask = 2147483647;
			files = (
				8E5D30C42A90CC9C00701A58 /* AuthViewModel.swift in Sources */,
				8EB19BE42A8E251700422FAE /* RouletteWheelView.swift in Sources */,
				8EB19BE22A8E251700422FAE /* test_rouletteApp.swift in Sources */,
				8E6CFA1D2A8F5B3800DE93A0 /* RouletteTableView.swift in Sources */,
				8E8274FD2A9968760034E78A /* ChatGPTService.swift in Sources */,
				8E5D30BE2A90B20D00701A58 /* AppUser.swift in Sources */,
				8E69380D2A92627D00CE7972 /* NavigationObject.swift in Sources */,
				8ECA2D4B2A9329D800910857 /* BetView.swift in Sources */,
				8E5D30B22A8FA09B00701A58 /* CombinedRouletteView.swift in Sources */,
				8E69380A2A9257C100CE7972 /* MainNavigationView.swift in Sources */,
				8E7E64D12A8F5FB9001DE0FC /* RouletteViewModel.swift in Sources */,
				8E5D30C22A90CA2D00701A58 /* AuthView.swift in Sources */,
				8E898F852A910A16007D4B5A /* SettingsView.swift in Sources */,
				8ECA2D4D2A933D4900910857 /* BetViewModel.swift in Sources */,
				8E898F872A910CB9007D4B5A /* SettingsViewModel.swift in Sources */,
			);
			runOnlyForDeploymentPostprocessing = 0;
		};
/* End PBXSourcesBuildPhase section */

/* Begin XCBuildConfiguration section */
		8EB19BEA2A8E251D00422FAE /* Debug */ = {
			isa = XCBuildConfiguration;
			buildSettings = {
				ALWAYS_SEARCH_USER_PATHS = NO;
				CLANG_ANALYZER_NONNULL = YES;
				CLANG_ANALYZER_NUMBER_OBJECT_CONVERSION = YES_AGGRESSIVE;
				CLANG_CXX_LANGUAGE_STANDARD = "gnu++20";
				CLANG_ENABLE_MODULES = YES;
				CLANG_ENABLE_OBJC_ARC = YES;
				CLANG_ENABLE_OBJC_WEAK = YES;
				CLANG_WARN_BLOCK_CAPTURE_AUTORELEASING = YES;
				CLANG_WARN_BOOL_CONVERSION = YES;
				CLANG_WARN_COMMA = YES;
				CLANG_WARN_CONSTANT_CONVERSION = YES;
				CLANG_WARN_DEPRECATED_OBJC_IMPLEMENTATIONS = YES;
				CLANG_WARN_DIRECT_OBJC_ISA_USAGE = YES_ERROR;
				CLANG_WARN_DOCUMENTATION_COMMENTS = YES;
				CLANG_WARN_EMPTY_BODY = YES;
				CLANG_WARN_ENUM_CONVERSION = YES;
				CLANG_WARN_INFINITE_RECURSION = YES;
				CLANG_WARN_INT_CONVERSION = YES;
				CLANG_WARN_NON_LITERAL_NULL_CONVERSION = YES;
				CLANG_WARN_OBJC_IMPLICIT_RETAIN_SELF = YES;
				CLANG_WARN_OBJC_LITERAL_CONVERSION = YES;
				CLANG_WARN_OBJC_ROOT_CLASS = YES_ERROR;
				CLANG_WARN_QUOTED_INCLUDE_IN_FRAMEWORK_HEADER = YES;
				CLANG_WARN_RANGE_LOOP_ANALYSIS = YES;
				CLANG_WARN_STRICT_PROTOTYPES = YES;
				CLANG_WARN_SUSPICIOUS_MOVE = YES;
				CLANG_WARN_UNGUARDED_AVAILABILITY = YES_AGGRESSIVE;
				CLANG_WARN_UNREACHABLE_CODE = YES;
				CLANG_WARN__DUPLICATE_METHOD_MATCH = YES;
				COPY_PHASE_STRIP = NO;
				DEBUG_INFORMATION_FORMAT = dwarf;
				ENABLE_STRICT_OBJC_MSGSEND = YES;
				ENABLE_TESTABILITY = YES;
				GCC_C_LANGUAGE_STANDARD = gnu11;
				GCC_DYNAMIC_NO_PIC = NO;
				GCC_NO_COMMON_BLOCKS = YES;
				GCC_OPTIMIZATION_LEVEL = 0;
				GCC_PREPROCESSOR_DEFINITIONS = (
					"DEBUG=1",
					"$(inherited)",
				);
				GCC_WARN_64_TO_32_BIT_CONVERSION = YES;
				GCC_WARN_ABOUT_RETURN_TYPE = YES_ERROR;
				GCC_WARN_UNDECLARED_SELECTOR = YES;
				GCC_WARN_UNINITIALIZED_AUTOS = YES_AGGRESSIVE;
				GCC_WARN_UNUSED_FUNCTION = YES;
				GCC_WARN_UNUSED_VARIABLE = YES;
				IPHONEOS_DEPLOYMENT_TARGET = 16.0;
				MTL_ENABLE_DEBUG_INFO = INCLUDE_SOURCE;
				MTL_FAST_MATH = YES;
				ONLY_ACTIVE_ARCH = YES;
				SDKROOT = iphoneos;
				SWIFT_ACTIVE_COMPILATION_CONDITIONS = DEBUG;
				SWIFT_OPTIMIZATION_LEVEL = "-Onone";
			};
			name = Debug;
		};
		8EB19BEB2A8E251D00422FAE /* Release */ = {
			isa = XCBuildConfiguration;
			buildSettings = {
				ALWAYS_SEARCH_USER_PATHS = NO;
				CLANG_ANALYZER_NONNULL = YES;
				CLANG_ANALYZER_NUMBER_OBJECT_CONVERSION = YES_AGGRESSIVE;
				CLANG_CXX_LANGUAGE_STANDARD = "gnu++20";
				CLANG_ENABLE_MODULES = YES;
				CLANG_ENABLE_OBJC_ARC = YES;
				CLANG_ENABLE_OBJC_WEAK = YES;
				CLANG_WARN_BLOCK_CAPTURE_AUTORELEASING = YES;
				CLANG_WARN_BOOL_CONVERSION = YES;
				CLANG_WARN_COMMA = YES;
				CLANG_WARN_CONSTANT_CONVERSION = YES;
				CLANG_WARN_DEPRECATED_OBJC_IMPLEMENTATIONS = YES;
				CLANG_WARN_DIRECT_OBJC_ISA_USAGE = YES_ERROR;
				CLANG_WARN_DOCUMENTATION_COMMENTS = YES;
				CLANG_WARN_EMPTY_BODY = YES;
				CLANG_WARN_ENUM_CONVERSION = YES;
				CLANG_WARN_INFINITE_RECURSION = YES;
				CLANG_WARN_INT_CONVERSION = YES;
				CLANG_WARN_NON_LITERAL_NULL_CONVERSION = YES;
				CLANG_WARN_OBJC_IMPLICIT_RETAIN_SELF = YES;
				CLANG_WARN_OBJC_LITERAL_CONVERSION = YES;
				CLANG_WARN_OBJC_ROOT_CLASS = YES_ERROR;
				CLANG_WARN_QUOTED_INCLUDE_IN_FRAMEWORK_HEADER = YES;
				CLANG_WARN_RANGE_LOOP_ANALYSIS = YES;
				CLANG_WARN_STRICT_PROTOTYPES = YES;
				CLANG_WARN_SUSPICIOUS_MOVE = YES;
				CLANG_WARN_UNGUARDED_AVAILABILITY = YES_AGGRESSIVE;
				CLANG_WARN_UNREACHABLE_CODE = YES;
				CLANG_WARN__DUPLICATE_METHOD_MATCH = YES;
				COPY_PHASE_STRIP = NO;
				DEBUG_INFORMATION_FORMAT = "dwarf-with-dsym";
				ENABLE_NS_ASSERTIONS = NO;
				ENABLE_STRICT_OBJC_MSGSEND = YES;
				GCC_C_LANGUAGE_STANDARD = gnu11;
				GCC_NO_COMMON_BLOCKS = YES;
				GCC_WARN_64_TO_32_BIT_CONVERSION = YES;
				GCC_WARN_ABOUT_RETURN_TYPE = YES_ERROR;
				GCC_WARN_UNDECLARED_SELECTOR = YES;
				GCC_WARN_UNINITIALIZED_AUTOS = YES_AGGRESSIVE;
				GCC_WARN_UNUSED_FUNCTION = YES;
				GCC_WARN_UNUSED_VARIABLE = YES;
				IPHONEOS_DEPLOYMENT_TARGET = 16.0;
				MTL_ENABLE_DEBUG_INFO = NO;
				MTL_FAST_MATH = YES;
				SDKROOT = iphoneos;
				SWIFT_COMPILATION_MODE = wholemodule;
				SWIFT_OPTIMIZATION_LEVEL = "-O";
				VALIDATE_PRODUCT = YES;
			};
			name = Release;
		};
		8EB19BED2A8E251D00422FAE /* Debug */ = {
			isa = XCBuildConfiguration;
			buildSettings = {
				ASSETCATALOG_COMPILER_APPICON_NAME = AppIcon;
				ASSETCATALOG_COMPILER_GLOBAL_ACCENT_COLOR_NAME = AccentColor;
				CODE_SIGN_STYLE = Automatic;
				CURRENT_PROJECT_VERSION = 1;
				DEVELOPMENT_ASSET_PATHS = "\"test_roulette/Preview Content\"";
				DEVELOPMENT_TEAM = N2LF8DTSP7;
				ENABLE_PREVIEWS = YES;
				GENERATE_INFOPLIST_FILE = YES;
				INFOPLIST_FILE = "test-roulette-Info.plist";
				INFOPLIST_KEY_UIApplicationSceneManifest_Generation = YES;
				INFOPLIST_KEY_UIApplicationSupportsIndirectInputEvents = YES;
				INFOPLIST_KEY_UILaunchScreen_Generation = YES;
				INFOPLIST_KEY_UISupportedInterfaceOrientations = UIInterfaceOrientationLandscapeRight;
				INFOPLIST_KEY_UISupportedInterfaceOrientations_iPad = UIInterfaceOrientationLandscapeLeft;
				IPHONEOS_DEPLOYMENT_TARGET = 16.0;
				LD_RUNPATH_SEARCH_PATHS = (
					"$(inherited)",
					"@executable_path/Frameworks",
				);
				MARKETING_VERSION = 1.0;
				PRODUCT_BUNDLE_IDENTIFIER = "kinzerskiy.test-roulette";
				PRODUCT_NAME = "$(TARGET_NAME)";
				SWIFT_EMIT_LOC_STRINGS = YES;
				SWIFT_VERSION = 5.0;
				TARGETED_DEVICE_FAMILY = "1,2";
			};
			name = Debug;
		};
		8EB19BEE2A8E251D00422FAE /* Release */ = {
			isa = XCBuildConfiguration;
			buildSettings = {
				ASSETCATALOG_COMPILER_APPICON_NAME = AppIcon;
				ASSETCATALOG_COMPILER_GLOBAL_ACCENT_COLOR_NAME = AccentColor;
				CODE_SIGN_STYLE = Automatic;
				CURRENT_PROJECT_VERSION = 1;
				DEVELOPMENT_ASSET_PATHS = "\"test_roulette/Preview Content\"";
				DEVELOPMENT_TEAM = N2LF8DTSP7;
				ENABLE_PREVIEWS = YES;
				GENERATE_INFOPLIST_FILE = YES;
				INFOPLIST_FILE = "test-roulette-Info.plist";
				INFOPLIST_KEY_UIApplicationSceneManifest_Generation = YES;
				INFOPLIST_KEY_UIApplicationSupportsIndirectInputEvents = YES;
				INFOPLIST_KEY_UILaunchScreen_Generation = YES;
				INFOPLIST_KEY_UISupportedInterfaceOrientations = UIInterfaceOrientationLandscapeRight;
				INFOPLIST_KEY_UISupportedInterfaceOrientations_iPad = UIInterfaceOrientationLandscapeLeft;
				IPHONEOS_DEPLOYMENT_TARGET = 16.0;
				LD_RUNPATH_SEARCH_PATHS = (
					"$(inherited)",
					"@executable_path/Frameworks",
				);
				MARKETING_VERSION = 1.0;
				PRODUCT_BUNDLE_IDENTIFIER = "kinzerskiy.test-roulette";
				PRODUCT_NAME = "$(TARGET_NAME)";
				SWIFT_EMIT_LOC_STRINGS = YES;
				SWIFT_VERSION = 5.0;
				TARGETED_DEVICE_FAMILY = "1,2";
			};
			name = Release;
		};
/* End XCBuildConfiguration section */

/* Begin XCConfigurationList section */
		8EB19BD92A8E251700422FAE /* Build configuration list for PBXProject "test_roulette" */ = {
			isa = XCConfigurationList;
			buildConfigurations = (
				8EB19BEA2A8E251D00422FAE /* Debug */,
				8EB19BEB2A8E251D00422FAE /* Release */,
			);
			defaultConfigurationIsVisible = 0;
			defaultConfigurationName = Release;
		};
		8EB19BEC2A8E251D00422FAE /* Build configuration list for PBXNativeTarget "test_roulette" */ = {
			isa = XCConfigurationList;
			buildConfigurations = (
				8EB19BED2A8E251D00422FAE /* Debug */,
				8EB19BEE2A8E251D00422FAE /* Release */,
			);
			defaultConfigurationIsVisible = 0;
			defaultConfigurationName = Release;
		};
/* End XCConfigurationList section */

/* Begin XCRemoteSwiftPackageReference section */
		8EE409C72A9A3C9100DAF8DA /* XCRemoteSwiftPackageReference "firebase-ios-sdk" */ = {
			isa = XCRemoteSwiftPackageReference;
			repositoryURL = "https://github.com/firebase/firebase-ios-sdk";
			requirement = {
				kind = upToNextMajorVersion;
				minimumVersion = 10.0.0;
			};
		};
/* End XCRemoteSwiftPackageReference section */

/* Begin XCSwiftPackageProductDependency section */
		8EE409C82A9A3C9100DAF8DA /* FirebaseAuth */ = {
			isa = XCSwiftPackageProductDependency;
			package = 8EE409C72A9A3C9100DAF8DA /* XCRemoteSwiftPackageReference "firebase-ios-sdk" */;
			productName = FirebaseAuth;
		};
		8EE409CA2A9A3C9100DAF8DA /* FirebaseAuthCombine-Community */ = {
			isa = XCSwiftPackageProductDependency;
			package = 8EE409C72A9A3C9100DAF8DA /* XCRemoteSwiftPackageReference "firebase-ios-sdk" */;
			productName = "FirebaseAuthCombine-Community";
		};
		8EE409CC2A9A3C9100DAF8DA /* FirebaseDatabase */ = {
			isa = XCSwiftPackageProductDependency;
			package = 8EE409C72A9A3C9100DAF8DA /* XCRemoteSwiftPackageReference "firebase-ios-sdk" */;
			productName = FirebaseDatabase;
		};
		8EE409CE2A9A3C9100DAF8DA /* FirebaseDatabaseSwift */ = {
			isa = XCSwiftPackageProductDependency;
			package = 8EE409C72A9A3C9100DAF8DA /* XCRemoteSwiftPackageReference "firebase-ios-sdk" */;
			productName = FirebaseDatabaseSwift;
		};
		8EE409D02A9A3C9100DAF8DA /* FirebaseFirestore */ = {
			isa = XCSwiftPackageProductDependency;
			package = 8EE409C72A9A3C9100DAF8DA /* XCRemoteSwiftPackageReference "firebase-ios-sdk" */;
			productName = FirebaseFirestore;
		};
		8EE409D22A9A3C9100DAF8DA /* FirebaseFirestoreSwift */ = {
			isa = XCSwiftPackageProductDependency;
			package = 8EE409C72A9A3C9100DAF8DA /* XCRemoteSwiftPackageReference "firebase-ios-sdk" */;
			productName = FirebaseFirestoreSwift;
		};
/* End XCSwiftPackageProductDependency section */
	};
	rootObject = 8EB19BD62A8E251700422FAE /* Project object */;
}
